Microsoft Visual Studio Solution File, Format Version 12.00
# Visual Studio 2012
Project("{FAE04EC0-301F-11D3-BF4B-00C04F79EFBC}") = "skibidi", "skibidi.csproj", "{BBFABC45-348B-49C2-8354-A0914CF38CA7}"
EndProject
Global
	GlobalSection(SolutionConfigurationPlatforms) = preSolution
	Debug|Any CPU = Debug|Any CPU
	ExportDebug|Any CPU = ExportDebug|Any CPU
	ExportRelease|Any CPU = ExportRelease|Any CPU
	EndGlobalSection
	GlobalSection(ProjectConfigurationPlatforms) = postSolution
		{BBFABC45-348B-49C2-8354-A0914CF38CA7}.Debug|Any CPU.ActiveCfg = Debug|Any CPU
		{BBFABC45-348B-49C2-8354-A0914CF38CA7}.Debug|Any CPU.Build.0 = Debug|Any CPU
		{BBFABC45-348B-49C2-8354-A0914CF38CA7}.ExportDebug|Any CPU.ActiveCfg = ExportDebug|Any CPU
		{BBFABC45-348B-49C2-8354-A0914CF38CA7}.ExportDebug|Any CPU.Build.0 = ExportDebug|Any CPU
		{BBFABC45-348B-49C2-8354-A0914CF38CA7}.ExportRelease|Any CPU.ActiveCfg = ExportRelease|Any CPU
		{BBFABC45-348B-49C2-8354-A0914CF38CA7}.ExportRelease|Any CPU.Build.0 = ExportRelease|Any CPU
	EndGlobalSection
EndGlobal
